
Microsoft Visual Studio Solution File, Format Version 12.00
# Visual Studio Version 17
VisualStudioVersion = 17.1.32319.34
MinimumVisualStudioVersion = 10.0.40219.1
Project("{9A19103F-16F7-4668-BE54-9A1E7A4F7556}") = "Generator", "Generator\Generator.csproj", "{75F09564-96ED-4CD4-8927-DF9C97F96661}"
EndProject
Global
	GlobalSection(SolutionConfigurationPlatforms) = preSolution
		Debug|Any CPU = Debug|Any CPU
		Release|Any CPU = Release|Any CPU
	EndGlobalSection
	GlobalSection(ProjectConfigurationPlatforms) = postSolution
		{75F09564-96ED-4CD4-8927-DF9C97F96661}.Debug|Any CPU.ActiveCfg = Debug|Any CPU
		{75F09564-96ED-4CD4-8927-DF9C97F96661}.Debug|Any CPU.Build.0 = Debug|Any CPU
		{75F09564-96ED-4CD4-8927-DF9C97F96661}.Release|Any CPU.ActiveCfg = Release|Any CPU
		{75F09564-96ED-4CD4-8927-DF9C97F96661}.Release|Any CPU.Build.0 = Release|Any CPU
	EndGlobalSection
	GlobalSection(SolutionProperties) = preSolution
		HideSolutionNode = FALSE
	EndGlobalSection
	GlobalSection(ExtensibilityGlobals) = postSolution
		SolutionGuid = {400550C0-D9CA-4C05-8108-945AF0018516}
	EndGlobalSection
EndGlobal
